// !$*UTF8*$!
{
	archiveVersion = 1;
	classes = {
	};
	objectVersion = 46;
	objects = {

/* Begin PBXBuildFile section */
		4B2923E61B692DEC007A8456 /* main.m in Sources */ = {isa = PBXBuildFile; fileRef = 4B2923E51B692DEC007A8456 /* main.m */; };
		4B2923E91B692DEC007A8456 /* AppDelegate.m in Sources */ = {isa = PBXBuildFile; fileRef = 4B2923E81B692DEC007A8456 /* AppDelegate.m */; };
		4B2923EC1B692DEC007A8456 /* ViewController.m in Sources */ = {isa = PBXBuildFile; fileRef = 4B2923EB1B692DEC007A8456 /* ViewController.m */; };
		4B2923EF1B692DED007A8456 /* Main.storyboard in Resources */ = {isa = PBXBuildFile; fileRef = 4B2923ED1B692DED007A8456 /* Main.storyboard */; };
		4B2923F11B692DED007A8456 /* Images.xcassets in Resources */ = {isa = PBXBuildFile; fileRef = 4B2923F01B692DED007A8456 /* Images.xcassets */; };
		4B2923F41B692DED007A8456 /* LaunchScreen.xib in Resources */ = {isa = PBXBuildFile; fileRef = 4B2923F21B692DED007A8456 /* LaunchScreen.xib */; };
		4B2924001B692DEE007A8456 /* fiuparkingfinderTests.m in Sources */ = {isa = PBXBuildFile; fileRef = 4B2923FF1B692DEE007A8456 /* fiuparkingfinderTests.m */; };
/* End PBXBuildFile section */

/* Begin PBXContainerItemProxy section */
		4B2923FA1B692DEE007A8456 /* PBXContainerItemProxy */ = {
			isa = PBXContainerItemProxy;
			containerPortal = 4B2923D81B692DE8007A8456 /* Project object */;
			proxyType = 1;
			remoteGlobalIDString = 4B2923DF1B692DE9007A8456;
			remoteInfo = fiuparkingfinder;
		};
/* End PBXContainerItemProxy section */

/* Begin PBXFileReference section */
		4B2923E01B692DEB007A8456 /* fiuparkingfinder.app */ = {isa = PBXFileReference; explicitFileType = wrapper.application; includeInIndex = 0; path = fiuparkingfinder.app; sourceTree = BUILT_PRODUCTS_DIR; };
		4B2923E41B692DEC007A8456 /* Info.plist */ = {isa = PBXFileReference; lastKnownFileType = text.plist.xml; path = Info.plist; sourceTree = "<group>"; };
		4B2923E51B692DEC007A8456 /* main.m */ = {isa = PBXFileReference; lastKnownFileType = sourcecode.c.objc; path = main.m; sourceTree = "<group>"; };
		4B2923E71B692DEC007A8456 /* AppDelegate.h */ = {isa = PBXFileReference; lastKnownFileType = sourcecode.c.h; path = AppDelegate.h; sourceTree = "<group>"; };
		4B2923E81B692DEC007A8456 /* AppDelegate.m */ = {isa = PBXFileReference; lastKnownFileType = sourcecode.c.objc; path = AppDelegate.m; sourceTree = "<group>"; };
		4B2923EA1B692DEC007A8456 /* ViewController.h */ = {isa = PBXFileReference; lastKnownFileType = sourcecode.c.h; path = ViewController.h; sourceTree = "<group>"; };
		4B2923EB1B692DEC007A8456 /* ViewController.m */ = {isa = PBXFileReference; lastKnownFileType = sourcecode.c.objc; path = ViewController.m; sourceTree = "<group>"; };
		4B2923EE1B692DED007A8456 /* Base */ = {isa = PBXFileReference; lastKnownFileType = file.storyboard; name = Base; path = Base.lproj/Main.storyboard; sourceTree = "<group>"; };
		4B2923F01B692DED007A8456 /* Images.xcassets */ = {isa = PBXFileReference; lastKnownFileType = folder.assetcatalog; path = Images.xcassets; sourceTree = "<group>"; };
		4B2923F31B692DED007A8456 /* Base */ = {isa = PBXFileReference; lastKnownFileType = file.xib; name = Base; path = Base.lproj/LaunchScreen.xib; sourceTree = "<group>"; };
		4B2923F91B692DEE007A8456 /* fiuparkingfinderTests.xctest */ = {isa = PBXFileReference; explicitFileType = wrapper.cfbundle; includeInIndex = 0; path = fiuparkingfinderTests.xctest; sourceTree = BUILT_PRODUCTS_DIR; };
		4B2923FE1B692DEE007A8456 /* Info.plist */ = {isa = PBXFileReference; lastKnownFileType = text.plist.xml; path = Info.plist; sourceTree = "<group>"; };
		4B2923FF1B692DEE007A8456 /* fiuparkingfinderTests.m */ = {isa = PBXFileReference; lastKnownFileType = sourcecode.c.objc; path = fiuparkingfinderTests.m; sourceTree = "<group>"; };
/* End PBXFileReference section */

/* Begin PBXFrameworksBuildPhase section */
		4B2923DD1B692DE9007A8456 /* Frameworks */ = {
			isa = PBXFrameworksBuildPhase;
			buildActionMask = 2147483647;
			files = (
			);
			runOnlyForDeploymentPostprocessing = 0;
		};
		4B2923F61B692DEE007A8456 /* Frameworks */ = {
			isa = PBXFrameworksBuildPhase;
			buildActionMask = 2147483647;
			files = (
			);
			runOnlyForDeploymentPostprocessing = 0;
		};
/* End PBXFrameworksBuildPhase section */

/* Begin PBXGroup section */
		4B2923D71B692DE7007A8456 = {
			isa = PBXGroup;
			children = (
				4B2923E21B692DEB007A8456 /* fiuparkingfinder */,
				4B2923FC1B692DEE007A8456 /* fiuparkingfinderTests */,
				4B2923E11B692DEB007A8456 /* Products */,
			);
			sourceTree = "<group>";
		};
		4B2923E11B692DEB007A8456 /* Products */ = {
			isa = PBXGroup;
			children = (
				4B2923E01B692DEB007A8456 /* fiuparkingfinder.app */,
				4B2923F91B692DEE007A8456 /* fiuparkingfinderTests.xctest */,
			);
			name = Products;
			sourceTree = "<group>";
		};
		4B2923E21B692DEB007A8456 /* fiuparkingfinder */ = {
			isa = PBXGroup;
			children = (
				4B2923E71B692DEC007A8456 /* AppDelegate.h */,
				4B2923E81B692DEC007A8456 /* AppDelegate.m */,
				4B2923EA1B692DEC007A8456 /* ViewController.h */,
				4B2923EB1B692DEC007A8456 /* ViewController.m */,
				4B2923ED1B692DED007A8456 /* Main.storyboard */,
				4B2923F01B692DED007A8456 /* Images.xcassets */,
				4B2923F21B692DED007A8456 /* LaunchScreen.xib */,
				4B2923E31B692DEB007A8456 /* Supporting Files */,
			);
			path = fiuparkingfinder;
			sourceTree = "<group>";
		};
		4B2923E31B692DEB007A8456 /* Supporting Files */ = {
			isa = PBXGroup;
			children = (
				4B2923E41B692DEC007A8456 /* Info.plist */,
				4B2923E51B692DEC007A8456 /* main.m */,
			);
			name = "Supporting Files";
			sourceTree = "<group>";
		};
		4B2923FC1B692DEE007A8456 /* fiuparkingfinderTests */ = {
			isa = PBXGroup;
			children = (
				4B2923FF1B692DEE007A8456 /* fiuparkingfinderTests.m */,
				4B2923FD1B692DEE007A8456 /* Supporting Files */,
			);
			path = fiuparkingfinderTests;
			sourceTree = "<group>";
		};
		4B2923FD1B692DEE007A8456 /* Supporting Files */ = {
			isa = PBXGroup;
			children = (
				4B2923FE1B692DEE007A8456 /* Info.plist */,
			);
			name = "Supporting Files";
			sourceTree = "<group>";
		};
/* End PBXGroup section */

/* Begin PBXNativeTarget section */
		4B2923DF1B692DE9007A8456 /* fiuparkingfinder */ = {
			isa = PBXNativeTarget;
			buildConfigurationList = 4B2924031B692DEE007A8456 /* Build configuration list for PBXNativeTarget "fiuparkingfinder" */;
			buildPhases = (
				4B2923DC1B692DE9007A8456 /* Sources */,
				4B2923DD1B692DE9007A8456 /* Frameworks */,
				4B2923DE1B692DE9007A8456 /* Resources */,
			);
			buildRules = (
			);
			dependencies = (
			);
			name = fiuparkingfinder;
			productName = fiuparkingfinder;
			productReference = 4B2923E01B692DEB007A8456 /* fiuparkingfinder.app */;
			productType = "com.apple.product-type.application";
		};
		4B2923F81B692DEE007A8456 /* fiuparkingfinderTests */ = {
			isa = PBXNativeTarget;
			buildConfigurationList = 4B2924061B692DEE007A8456 /* Build configuration list for PBXNativeTarget "fiuparkingfinderTests" */;
			buildPhases = (
				4B2923F51B692DEE007A8456 /* Sources */,
				4B2923F61B692DEE007A8456 /* Frameworks */,
				4B2923F71B692DEE007A8456 /* Resources */,
			);
			buildRules = (
			);
			dependencies = (
				4B2923FB1B692DEE007A8456 /* PBXTargetDependency */,
			);
			name = fiuparkingfinderTests;
			productName = fiuparkingfinderTests;
			productReference = 4B2923F91B692DEE007A8456 /* fiuparkingfinderTests.xctest */;
			productType = "com.apple.product-type.bundle.unit-test";
		};
/* End PBXNativeTarget section */

/* Begin PBXProject section */
		4B2923D81B692DE8007A8456 /* Project object */ = {
			isa = PBXProject;
			attributes = {
				LastUpgradeCheck = 0640;
				ORGANIZATIONNAME = "Johnny Nez";
				TargetAttributes = {
					4B2923DF1B692DE9007A8456 = {
						CreatedOnToolsVersion = 6.4;
					};
					4B2923F81B692DEE007A8456 = {
						CreatedOnToolsVersion = 6.4;
						TestTargetID = 4B2923DF1B692DE9007A8456;
					};
				};
			};
			buildConfigurationList = 4B2923DB1B692DE8007A8456 /* Build configuration list for PBXProject "fiuparkingfinder" */;
			compatibilityVersion = "Xcode 3.2";
			developmentRegion = English;
			hasScannedForEncodings = 0;
			knownRegions = (
				en,
				Base,
			);
			mainGroup = 4B2923D71B692DE7007A8456;
			productRefGroup = 4B2923E11B692DEB007A8456 /* Products */;
			projectDirPath = "";
			projectRoot = "";
			targets = (
				4B2923DF1B692DE9007A8456 /* fiuparkingfinder */,
				4B2923F81B692DEE007A8456 /* fiuparkingfinderTests */,
			);
		};
/* End PBXProject section */

/* Begin PBXResourcesBuildPhase section */
		4B2923DE1B692DE9007A8456 /* Resources */ = {
			isa = PBXResourcesBuildPhase;
			buildActionMask = 2147483647;
			files = (
				4B2923EF1B692DED007A8456 /* Main.storyboard in Resources */,
				4B2923F41B692DED007A8456 /* LaunchScreen.xib in Resources */,
				4B2923F11B692DED007A8456 /* Images.xcassets in Resources */,
			);
			runOnlyForDeploymentPostprocessing = 0;
		};
		4B2923F71B692DEE007A8456 /* Resources */ = {
			isa = PBXResourcesBuildPhase;
			buildActionMask = 2147483647;
			files = (
			);
			runOnlyForDeploymentPostprocessing = 0;
		};
/* End PBXResourcesBuildPhase section */

/* Begin PBXSourcesBuildPhase section */
		4B2923DC1B692DE9007A8456 /* Sources */ = {
			isa = PBXSourcesBuildPhase;
			buildActionMask = 2147483647;
			files = (
				4B2923EC1B692DEC007A8456 /* ViewController.m in Sources */,
				4B2923E91B692DEC007A8456 /* AppDelegate.m in Sources */,
				4B2923E61B692DEC007A8456 /* main.m in Sources */,
			);
			runOnlyForDeploymentPostprocessing = 0;
		};
		4B2923F51B692DEE007A8456 /* Sources */ = {
			isa = PBXSourcesBuildPhase;
			buildActionMask = 2147483647;
			files = (
				4B2924001B692DEE007A8456 /* fiuparkingfinderTests.m in Sources */,
			);
			runOnlyForDeploymentPostprocessing = 0;
		};
/* End PBXSourcesBuildPhase section */

/* Begin PBXTargetDependency section */
		4B2923FB1B692DEE007A8456 /* PBXTargetDependency */ = {
			isa = PBXTargetDependency;
			target = 4B2923DF1B692DE9007A8456 /* fiuparkingfinder */;
			targetProxy = 4B2923FA1B692DEE007A8456 /* PBXContainerItemProxy */;
		};
/* End PBXTargetDependency section */

/* Begin PBXVariantGroup section */
		4B2923ED1B692DED007A8456 /* Main.storyboard */ = {
			isa = PBXVariantGroup;
			children = (
				4B2923EE1B692DED007A8456 /* Base */,
			);
			name = Main.storyboard;
			sourceTree = "<group>";
		};
		4B2923F21B692DED007A8456 /* LaunchScreen.xib */ = {
			isa = PBXVariantGroup;
			children = (
				4B2923F31B692DED007A8456 /* Base */,
			);
			name = LaunchScreen.xib;
			sourceTree = "<group>";
		};
/* End PBXVariantGroup section */

/* Begin XCBuildConfiguration section */
		4B2924011B692DEE007A8456 /* Debug */ = {
			isa = XCBuildConfiguration;
			buildSettings = {
				ALWAYS_SEARCH_USER_PATHS = NO;
				CLANG_CXX_LANGUAGE_STANDARD = "gnu++0x";
				CLANG_CXX_LIBRARY = "libc++";
				CLANG_ENABLE_MODULES = YES;
				CLANG_ENABLE_OBJC_ARC = YES;
				CLANG_WARN_BOOL_CONVERSION = YES;
				CLANG_WARN_CONSTANT_CONVERSION = YES;
				CLANG_WARN_DIRECT_OBJC_ISA_USAGE = YES_ERROR;
				CLANG_WARN_EMPTY_BODY = YES;
				CLANG_WARN_ENUM_CONVERSION = YES;
				CLANG_WARN_INT_CONVERSION = YES;
				CLANG_WARN_OBJC_ROOT_CLASS = YES_ERROR;
				CLANG_WARN_UNREACHABLE_CODE = YES;
				CLANG_WARN__DUPLICATE_METHOD_MATCH = YES;
				"CODE_SIGN_IDENTITY[sdk=iphoneos*]" = "iPhone Developer";
				COPY_PHASE_STRIP = NO;
				DEBUG_INFORMATION_FORMAT = "dwarf-with-dsym";
				ENABLE_STRICT_OBJC_MSGSEND = YES;
				GCC_C_LANGUAGE_STANDARD = gnu99;
				GCC_DYNAMIC_NO_PIC = NO;
				GCC_NO_COMMON_BLOCKS = YES;
				GCC_OPTIMIZATION_LEVEL = 0;
				GCC_PREPROCESSOR_DEFINITIONS = (
					"DEBUG=1",
					"$(inherited)",
				);
				GCC_SYMBOLS_PRIVATE_EXTERN = NO;
				GCC_WARN_64_TO_32_BIT_CONVERSION = YES;
				GCC_WARN_ABOUT_RETURN_TYPE = YES_ERROR;
				GCC_WARN_UNDECLARED_SELECTOR = YES;
				GCC_WARN_UNINITIALIZED_AUTOS = YES_AGGRESSIVE;
				GCC_WARN_UNUSED_FUNCTION = YES;
				GCC_WARN_UNUSED_VARIABLE = YES;
				IPHONEOS_DEPLOYMENT_TARGET = 8.4;
				MTL_ENABLE_DEBUG_INFO = YES;
				ONLY_ACTIVE_ARCH = YES;
				SDKROOT = iphoneos;
				TARGETED_DEVICE_FAMILY = "1,2";
			};
			name = Debug;
		};
		4B2924021B692DEE007A8456 /* Release */ = {
			isa = XCBuildConfiguration;
			buildSettings = {
				ALWAYS_SEARCH_USER_PATHS = NO;
				CLANG_CXX_LANGUAGE_STANDARD = "gnu++0x";
				CLANG_CXX_LIBRARY = "libc++";
				CLANG_ENABLE_MODULES = YES;
				CLANG_ENABLE_OBJC_ARC = YES;
				CLANG_WARN_BOOL_CONVERSION = YES;
				CLANG_WARN_CONSTANT_CONVERSION = YES;
				CLANG_WARN_DIRECT_OBJC_ISA_USAGE = YES_ERROR;
				CLANG_WARN_EMPTY_BODY = YES;
				CLANG_WARN_ENUM_CONVERSION = YES;
				CLANG_WARN_INT_CONVERSION = YES;
				CLANG_WARN_OBJC_ROOT_CLASS = YES_ERROR;
				CLANG_WARN_UNREACHABLE_CODE = YES;
				CLANG_WARN__DUPLICATE_METHOD_MATCH = YES;
				"CODE_SIGN_IDENTITY[sdk=iphoneos*]" = "iPhone Developer";
				COPY_PHASE_STRIP = NO;
				DEBUG_INFORMATION_FORMAT = "dwarf-with-dsym";
				ENABLE_NS_ASSERTIONS = NO;
				ENABLE_STRICT_OBJC_MSGSEND = YES;
				GCC_C_LANGUAGE_STANDARD = gnu99;
				GCC_NO_COMMON_BLOCKS = YES;
				GCC_WARN_64_TO_32_BIT_CONVERSION = YES;
				GCC_WARN_ABOUT_RETURN_TYPE = YES_ERROR;
				GCC_WARN_UNDECLARED_SELECTOR = YES;
				GCC_WARN_UNINITIALIZED_AUTOS = YES_AGGRESSIVE;
				GCC_WARN_UNUSED_FUNCTION = YES;
				GCC_WARN_UNUSED_VARIABLE = YES;
				IPHONEOS_DEPLOYMENT_TARGET = 8.4;
				MTL_ENABLE_DEBUG_INFO = NO;
				SDKROOT = iphoneos;
				TARGETED_DEVICE_FAMILY = "1,2";
				VALIDATE_PRODUCT = YES;
			};
			name = Release;
		};
		4B2924041B692DEE007A8456 /* Debug */ = {
			isa = XCBuildConfiguration;
			buildSettings = {
				ASSETCATALOG_COMPILER_APPICON_NAME = AppIcon;
				INFOPLIST_FILE = fiuparkingfinder/Info.plist;
				LD_RUNPATH_SEARCH_PATHS = "$(inherited) @executable_path/Frameworks";
				PRODUCT_NAME = "$(TARGET_NAME)";
			};
			name = Debug;
		};
		4B2924051B692DEE007A8456 /* Release */ = {
			isa = XCBuildConfiguration;
			buildSettings = {
				ASSETCATALOG_COMPILER_APPICON_NAME = AppIcon;
				INFOPLIST_FILE = fiuparkingfinder/Info.plist;
				LD_RUNPATH_SEARCH_PATHS = "$(inherited) @executable_path/Frameworks";
				PRODUCT_NAME = "$(TARGET_NAME)";
			};
			name = Release;
		};
		4B2924071B692DEE007A8456 /* Debug */ = {
			isa = XCBuildConfiguration;
			buildSettings = {
				BUNDLE_LOADER = "$(TEST_HOST)";
				FRAMEWORK_SEARCH_PATHS = (
					"$(SDKROOT)/Developer/Library/Frameworks",
					"$(inherited)",
				);
				GCC_PREPROCESSOR_DEFINITIONS = (
					"DEBUG=1",
					"$(inherited)",
				);
				INFOPLIST_FILE = fiuparkingfinderTests/Info.plist;
				LD_RUNPATH_SEARCH_PATHS = "$(inherited) @executable_path/Frameworks @loader_path/Frameworks";
				PRODUCT_NAME = "$(TARGET_NAME)";
				TEST_HOST = "$(BUILT_PRODUCTS_DIR)/fiuparkingfinder.app/fiuparkingfinder";
			};
			name = Debug;
		};
		4B2924081B692DEE007A8456 /* Release */ = {
			isa = XCBuildConfiguration;
			buildSettings = {
				BUNDLE_LOADER = "$(TEST_HOST)";
				FRAMEWORK_SEARCH_PATHS = (
					"$(SDKROOT)/Developer/Library/Frameworks",
					"$(inherited)",
				);
				INFOPLIST_FILE = fiuparkingfinderTests/Info.plist;
				LD_RUNPATH_SEARCH_PATHS = "$(inherited) @executable_path/Frameworks @loader_path/Frameworks";
				PRODUCT_NAME = "$(TARGET_NAME)";
				TEST_HOST = "$(BUILT_PRODUCTS_DIR)/fiuparkingfinder.app/fiuparkingfinder";
			};
			name = Release;
		};
/* End XCBuildConfiguration section */

/* Begin XCConfigurationList section */
		4B2923DB1B692DE8007A8456 /* Build configuration list for PBXProject "fiuparkingfinder" */ = {
			isa = XCConfigurationList;
			buildConfigurations = (
				4B2924011B692DEE007A8456 /* Debug */,
				4B2924021B692DEE007A8456 /* Release */,
			);
			defaultConfigurationIsVisible = 0;
			defaultConfigurationName = Release;
		};
		4B2924031B692DEE007A8456 /* Build configuration list for PBXNativeTarget "fiuparkingfinder" */ = {
			isa = XCConfigurationList;
			buildConfigurations = (
				4B2924041B692DEE007A8456 /* Debug */,
				4B2924051B692DEE007A8456 /* Release */,
			);
			defaultConfigurationIsVisible = 0;
		};
		4B2924061B692DEE007A8456 /* Build configuration list for PBXNativeTarget "fiuparkingfinderTests" */ = {
			isa = XCConfigurationList;
			buildConfigurations = (
				4B2924071B692DEE007A8456 /* Debug */,
				4B2924081B692DEE007A8456 /* Release */,
			);
			defaultConfigurationIsVisible = 0;
		};
/* End XCConfigurationList section */
	};
	rootObject = 4B2923D81B692DE8007A8456 /* Project object */;
}
